# This file is autogenerated, do not edit; changes may be undone by the next 'dep ensure'.


[[projects]]
  digest = "1:6078383dbb7405bfa3ce16957f37564e3b716afa29b6eb45ffdb6674624d1e0d"
  name = "github.com/gorilla/mux"
  packages = ["."]
  pruneopts = "UT"
  revision = "98cb6bf42e086f6af920b965c38cacc07402d51b"
  version = "v1.8.0"

[[projects]]
  digest = "1:01ed62f8f4f574d8aff1d88caee113700a2b44c42351943fa73cc1808f736a50"
  name = "github.com/jinzhu/inflection"
  packages = ["."]
  pruneopts = "UT"
  revision = "f5c5f50e6090ae76a29240b61ae2a90dd810112e"
  version = "v1.0.0"

[[projects]]
  digest = "1:3458e5dd5934a9c852e11a4ea54a07de091fdad4c36d0ac033bb90bc16b0a046"
  name = "github.com/jinzhu/now"
  packages = ["."]
  pruneopts = "UT"
  revision = "7e7333ac029d4aad7e88500a30889fcd22489425"
  version = "v1.1.1"

[[projects]]
  digest = "1:047349f9fa59b1c603d6a73f6bf9b03c9e2ac718f64a6ed04959ddc274903efc"
  name = "github.com/mattn/go-sqlite3"
  packages = ["."]
  pruneopts = "UT"
  revision = "baaf8a978416040e7f2d00ac36e345098d0588d8"
  version = "v2.0.6"

[[projects]]
  digest = "1:cb18bbffb995a0c2fd9233e960b4fe5b7c3b0fd63826f65086013085d897c5d3"
  name = "gorm.io/driver/sqlite"
  packages = ["."]
  pruneopts = "UT"
  revision = "4d252d9cb545aecbc3b7e4bdd109ddbe2c10c308"
  version = "v1.1.4"

[[projects]]
  digest = "1:5673b3b48d14317f8361d1908f18baefb341827ee3e6d21022882433ca5f4f8d"
  name = "gorm.io/gorm"
  packages = [
    ".",
    "callbacks",
    "clause",
    "logger",
    "migrator",
    "schema",
    "utils",
  ]
  pruneopts = "UT"
  revision = "7f198ead0e716265acd3491925e340bfae758e95"
  version = "v1.20.12"

[solve-meta]
  analyzer-name = "dep"
  analyzer-version = 1
  input-imports = [
    "github.com/gorilla/mux",
    "gorm.io/driver/sqlite",
    "gorm.io/gorm",
  ]
  solver-name = "gps-cdcl"
  solver-version = 1
